
Microsoft Visual Studio Solution File, Format Version 11.00
# Visual Studio 2010
# SharpDevelop 5.2
Project("{FAE04EC0-301F-11D3-BF4B-00C04F79EFBC}") = "ATIVIDADE14", "ATIVIDADE14\ATIVIDADE14.csproj", "{5043F88B-7257-41BD-8BE4-FAECD1213BAD}"
EndProject
Global
	GlobalSection(SolutionConfigurationPlatforms) = preSolution
		Debug|Any CPU = Debug|Any CPU
		Release|Any CPU = Release|Any CPU
	EndGlobalSection
	GlobalSection(ProjectConfigurationPlatforms) = postSolution
		{5043F88B-7257-41BD-8BE4-FAECD1213BAD}.Debug|Any CPU.ActiveCfg = Debug|Any CPU
		{5043F88B-7257-41BD-8BE4-FAECD1213BAD}.Debug|Any CPU.Build.0 = Debug|Any CPU
		{5043F88B-7257-41BD-8BE4-FAECD1213BAD}.Release|Any CPU.ActiveCfg = Release|Any CPU
		{5043F88B-7257-41BD-8BE4-FAECD1213BAD}.Release|Any CPU.Build.0 = Release|Any CPU
	EndGlobalSection
EndGlobal
