
Microsoft Visual Studio Solution File, Format Version 11.00
# Visual Studio 2010
# SharpDevelop 5.2
Project("{FAE04EC0-301F-11D3-BF4B-00C04F79EFBC}") = "atividade 18", "atividade 18\atividade 18.csproj", "{79E6C05A-5B75-4435-A1FA-067706554A45}"
EndProject
Global
	GlobalSection(SolutionConfigurationPlatforms) = preSolution
		Debug|Any CPU = Debug|Any CPU
		Release|Any CPU = Release|Any CPU
	EndGlobalSection
	GlobalSection(ProjectConfigurationPlatforms) = postSolution
		{79E6C05A-5B75-4435-A1FA-067706554A45}.Debug|Any CPU.ActiveCfg = Debug|Any CPU
		{79E6C05A-5B75-4435-A1FA-067706554A45}.Debug|Any CPU.Build.0 = Debug|Any CPU
		{79E6C05A-5B75-4435-A1FA-067706554A45}.Release|Any CPU.ActiveCfg = Release|Any CPU
		{79E6C05A-5B75-4435-A1FA-067706554A45}.Release|Any CPU.Build.0 = Release|Any CPU
	EndGlobalSection
EndGlobal
