
Microsoft Visual Studio Solution File, Format Version 11.00
# Visual Studio 2010
# SharpDevelop 5.2
Project("{FAE04EC0-301F-11D3-BF4B-00C04F79EFBC}") = "ATIVIDADE13", "ATIVIDADE13\ATIVIDADE13.csproj", "{B7B80EA5-56EB-4802-94D9-6E6FFE0F2280}"
EndProject
Global
	GlobalSection(SolutionConfigurationPlatforms) = preSolution
		Debug|Any CPU = Debug|Any CPU
		Release|Any CPU = Release|Any CPU
	EndGlobalSection
	GlobalSection(ProjectConfigurationPlatforms) = postSolution
		{B7B80EA5-56EB-4802-94D9-6E6FFE0F2280}.Debug|Any CPU.ActiveCfg = Debug|Any CPU
		{B7B80EA5-56EB-4802-94D9-6E6FFE0F2280}.Debug|Any CPU.Build.0 = Debug|Any CPU
		{B7B80EA5-56EB-4802-94D9-6E6FFE0F2280}.Release|Any CPU.ActiveCfg = Release|Any CPU
		{B7B80EA5-56EB-4802-94D9-6E6FFE0F2280}.Release|Any CPU.Build.0 = Release|Any CPU
	EndGlobalSection
EndGlobal
