
Microsoft Visual Studio Solution File, Format Version 11.00
# Visual Studio 2010
# SharpDevelop 5.2
Project("{FAE04EC0-301F-11D3-BF4B-00C04F79EFBC}") = "atividade10", "atividade10\atividade10.csproj", "{EE518838-64FA-4F0F-BAEB-29CDD0EF809F}"
EndProject
Global
	GlobalSection(SolutionConfigurationPlatforms) = preSolution
		Debug|Any CPU = Debug|Any CPU
		Release|Any CPU = Release|Any CPU
	EndGlobalSection
	GlobalSection(ProjectConfigurationPlatforms) = postSolution
		{EE518838-64FA-4F0F-BAEB-29CDD0EF809F}.Debug|Any CPU.ActiveCfg = Debug|Any CPU
		{EE518838-64FA-4F0F-BAEB-29CDD0EF809F}.Debug|Any CPU.Build.0 = Debug|Any CPU
		{EE518838-64FA-4F0F-BAEB-29CDD0EF809F}.Release|Any CPU.ActiveCfg = Release|Any CPU
		{EE518838-64FA-4F0F-BAEB-29CDD0EF809F}.Release|Any CPU.Build.0 = Release|Any CPU
	EndGlobalSection
EndGlobal
